
Microsoft Visual Studio Solution File, Format Version 12.00
# Visual Studio Version 16
VisualStudioVersion = 16.0.31105.61
MinimumVisualStudioVersion = 10.0.40219.1
Project("{9A19103F-16F7-4668-BE54-9A1E7A4F7556}") = "ConsoleGolfer", "ConsoleGolfer\ConsoleGolfer.csproj", "{89D4D784-2DCB-4F98-98A6-A06A694C811E}"
EndProject
Project("{FAE04EC0-301F-11D3-BF4B-00C04F79EFBC}") = "ConsoleGolfer.Tests", "ConsoleGolfer.Tests\ConsoleGolfer.Tests.csproj", "{540F82BA-0F31-4280-BF83-A2C9BDF67DB2}"
EndProject
Global
	GlobalSection(SolutionConfigurationPlatforms) = preSolution
		Debug|Any CPU = Debug|Any CPU
		Release|Any CPU = Release|Any CPU
	EndGlobalSection
	GlobalSection(ProjectConfigurationPlatforms) = postSolution
		{89D4D784-2DCB-4F98-98A6-A06A694C811E}.Debug|Any CPU.ActiveCfg = Debug|Any CPU
		{89D4D784-2DCB-4F98-98A6-A06A694C811E}.Debug|Any CPU.Build.0 = Debug|Any CPU
		{89D4D784-2DCB-4F98-98A6-A06A694C811E}.Release|Any CPU.ActiveCfg = Release|Any CPU
		{89D4D784-2DCB-4F98-98A6-A06A694C811E}.Release|Any CPU.Build.0 = Release|Any CPU
		{540F82BA-0F31-4280-BF83-A2C9BDF67DB2}.Debug|Any CPU.ActiveCfg = Debug|Any CPU
		{540F82BA-0F31-4280-BF83-A2C9BDF67DB2}.Debug|Any CPU.Build.0 = Debug|Any CPU
		{540F82BA-0F31-4280-BF83-A2C9BDF67DB2}.Release|Any CPU.ActiveCfg = Release|Any CPU
		{540F82BA-0F31-4280-BF83-A2C9BDF67DB2}.Release|Any CPU.Build.0 = Release|Any CPU
	EndGlobalSection
	GlobalSection(SolutionProperties) = preSolution
		HideSolutionNode = FALSE
	EndGlobalSection
	GlobalSection(ExtensibilityGlobals) = postSolution
		SolutionGuid = {1D63D140-F05E-4497-93E7-C5AD3B5D31E7}
	EndGlobalSection
EndGlobal
